
Microsoft Visual Studio Solution File, Format Version 12.00
# Visual Studio Version 17
VisualStudioVersion = 17.4.33213.308
MinimumVisualStudioVersion = 10.0.40219.1
Project("{9A19103F-16F7-4668-BE54-9A1E7A4F7556}") = "Disk Space Analyzer", "lab6\Disk Space Analyzer.csproj", "{F789C373-2BAD-4786-AA5E-649F12544CE8}"
EndProject
Global
	GlobalSection(SolutionConfigurationPlatforms) = preSolution
		Debug|Any CPU = Debug|Any CPU
		Release|Any CPU = Release|Any CPU
	EndGlobalSection
	GlobalSection(ProjectConfigurationPlatforms) = postSolution
		{F789C373-2BAD-4786-AA5E-649F12544CE8}.Debug|Any CPU.ActiveCfg = Debug|Any CPU
		{F789C373-2BAD-4786-AA5E-649F12544CE8}.Debug|Any CPU.Build.0 = Debug|Any CPU
		{F789C373-2BAD-4786-AA5E-649F12544CE8}.Release|Any CPU.ActiveCfg = Release|Any CPU
		{F789C373-2BAD-4786-AA5E-649F12544CE8}.Release|Any CPU.Build.0 = Release|Any CPU
	EndGlobalSection
	GlobalSection(SolutionProperties) = preSolution
		HideSolutionNode = FALSE
	EndGlobalSection
	GlobalSection(ExtensibilityGlobals) = postSolution
		SolutionGuid = {9B088EE6-468F-4EDB-9F7E-B7061967D6F5}
	EndGlobalSection
EndGlobal
